Microsoft Visual Studio Solution File, Format Version 12.00
# Visual Studio 2012
Project("{FAE04EC0-301F-11D3-BF4B-00C04F79EFBC}") = "Blobster", "Blobster.csproj", "{984266E5-D3E8-436F-99AF-C847226CF458}"
EndProject
Global
	GlobalSection(SolutionConfigurationPlatforms) = preSolution
	Debug|Any CPU = Debug|Any CPU
	ExportDebug|Any CPU = ExportDebug|Any CPU
	ExportRelease|Any CPU = ExportRelease|Any CPU
	EndGlobalSection
	GlobalSection(ProjectConfigurationPlatforms) = postSolution
		{984266E5-D3E8-436F-99AF-C847226CF458}.Debug|Any CPU.ActiveCfg = Debug|Any CPU
		{984266E5-D3E8-436F-99AF-C847226CF458}.Debug|Any CPU.Build.0 = Debug|Any CPU
		{984266E5-D3E8-436F-99AF-C847226CF458}.ExportDebug|Any CPU.ActiveCfg = ExportDebug|Any CPU
		{984266E5-D3E8-436F-99AF-C847226CF458}.ExportDebug|Any CPU.Build.0 = ExportDebug|Any CPU
		{984266E5-D3E8-436F-99AF-C847226CF458}.ExportRelease|Any CPU.ActiveCfg = ExportRelease|Any CPU
		{984266E5-D3E8-436F-99AF-C847226CF458}.ExportRelease|Any CPU.Build.0 = ExportRelease|Any CPU
	EndGlobalSection
EndGlobal
